lockfileVersion: '9.0'

settings:
  autoInstallPeers: true
  excludeLinksFromLockfile: false

importers:

  .:
    dependencies:
      '@sanity-labs/sdk-addon-dataset-runtime':
        specifier: ^1.0.0
        version: 1.0.0(react-dom@19.2.4(react@19.2.4))(react@19.2.4)
      '@sanity/sdk-react':
        specifier: ^2.8.0
        version: 2.8.0(@types/react@19.2.14)(react-dom@19.2.4(react@19.2.4))(react@19.2.4)
      react:
        specifier: ^18.0.0 || ^19.0.0
        version: 19.2.4
      react-dom:
        specifier: ^18.0.0 || ^19.0.0
        version: 19.2.4(react@19.2.4)
    devDependencies:
      '@types/react':
        specifier: ^19.2.14
        version: 19.2.14
      '@types/react-dom':
        specifier: ^19.2.3
        version: 19.2.3(@types/react@19.2.14)
      typescript:
        specifier: ^6.0.2
        version: 6.0.2

packages:

  '@babel/runtime@7.29.2':
    resolution: {integrity: sha512-JiDShH45zKHWyGe4ZNVRrCjBz8Nh9TMmZG1kh4QTK8hCBTWBi8Da+i7s1fJw7/lYpM4ccepSNfqzZ/QvABBi5g==}
    engines: {node: '>=6.9.0'}

  '@sanity-labs/sdk-addon-dataset-runtime@1.0.0':
    resolution: {integrity: sha512-u20/Bz0EXosbydh7amXI0Zcx/JaNKd+lpy2Dy+diGHotRn95mRPNvaF9VM6t8BH5Rts9BzGUWnUMtXC9AQeXnQ==}
    peerDependencies:
      react: ^18.0.0 || ^19.0.0
      react-dom: ^18.0.0 || ^19.0.0

  '@sanity/bifur-client@0.4.1':
    resolution: {integrity: sha512-mHM8WR7pujbIw2qxuV0lzinS1izOoyLza/ejWV6quITTLpBhUoPIQGPER3Ar0SON5JV0VEEqkJGa1kjiYYgx2w==}

  '@sanity/client@7.20.0':
    resolution: {integrity: sha512-uKwfqA+UfyWH6QzqpDD2DQnZu+WRa2iCM3OJ9AoyDZB9oHLl2NKI+9mX1xEZ7PiBuq09pogI7sxKaTKnaB6d+g==}
    engines: {node: '>=20'}

  '@sanity/comlink@3.1.1':
    resolution: {integrity: sha512-UyBJG4oWNs+VGVo5Yr5aKir5bgMzF/dnaNYjqxP2+5+iXnvhVOcI6dAtEXDj7kMmn5/ysHNKbLDlW6aVeBm7xg==}
    engines: {node: '>=18'}

  '@sanity/comlink@4.0.1':
    resolution: {integrity: sha512-vdGOd6sxNjqTo2H3Q3L2/Gepy+cDBiQ1mr9ck7c/A9o4NnmBLoDliifsNHIwgNwBUz37oH4+EIz/lIjNy8hSew==}
    engines: {node: '>=20.19 <22 || >=22.12'}

  '@sanity/diff-match-patch@3.2.0':
    resolution: {integrity: sha512-4hPADs0qUThFZkBK/crnfKKHg71qkRowfktBljH2UIxGHHTxIzt8g8fBiXItyCjxkuNy+zpYOdRMifQNv8+Yww==}
    engines: {node: '>=18.18'}

  '@sanity/diff-patch@6.0.0':
    resolution: {integrity: sha512-oJ5kZQV6C/DAlcpRLEU7AcVWXrSPuJb3Z1TQ9tm/qZOVWJENwWln45jtepQEYolTIuGx9jUlhYUi3hGIkOt8RA==}
    engines: {node: '>=18.2'}

  '@sanity/eventsource@5.0.2':
    resolution: {integrity: sha512-/B9PMkUvAlUrpRq0y+NzXgRv5lYCLxZNsBJD2WXVnqZYOfByL9oQBV7KiTaARuObp5hcQYuPfOAVjgXe3hrixA==}

  '@sanity/id-utils@1.0.0':
    resolution: {integrity: sha512-2sb7tbdMDuUuVyocJPKG0gZBiOML/ovCe+mJiLrv1j69ODOfa2LfUjDVR+dRw/A/+XuxoJSSP8ebG7NiwTOgIA==}
    engines: {node: '>=18'}

  '@sanity/json-match@1.0.5':
    resolution: {integrity: sha512-skhIX8gT/hLritEBkjfc7+TBlJNu/NLisyA8noKceCk28OatFK0wX7dIuFawkt3pfhTYVomVPykAYFcIm2OqJg==}
    engines: {node: '>=18.2'}

  '@sanity/media-library-types@1.2.0':
    resolution: {integrity: sha512-p+Bw96I63SwBcMNA/L5dnMdEcS88EEDUDZ65LGuwOCMXrESRGMFCSxgc+0HnL0JXDIzgYgfrPuf1I3bO9QneAw==}

  '@sanity/message-protocol@0.18.2':
    resolution: {integrity: sha512-sxPpM0q6ozvoWCQMFwPfL0KR8nkNl5gOhzkEH0EE8RHWfxH7jqHtxnXC/AEk5f4o/PuGChcHDWUof97JZ6LInw==}
    engines: {node: '>=20.0.0'}

  '@sanity/mutate@0.12.6':
    resolution: {integrity: sha512-Ai9Dy0C79yUALnuLe0ealwqgz11T+ngpWCzTyZv01xdjB6coQo+KoM8E0FeRTK5Zr/IAgKphYuYLU5DFCB9cGw==}
    engines: {node: '>=18'}

  '@sanity/sdk-react@2.8.0':
    resolution: {integrity: sha512-sQ0jVtGg2Izca+Rx/3Dn+pTYCkZW7slQQF32w2moli94APxVo+oBuejRAtG3jHFxOZyYpGXKo5slgWHwGYmNWw==}
    engines: {node: '>=20.19'}
    peerDependencies:
      react: ^18.0.0 || ^19.0.0
      react-dom: ^18.0.0 || ^19.0.0

  '@sanity/sdk@2.8.0':
    resolution: {integrity: sha512-ztxKq2Jh5RirXsL3d+qO2+rEC8V2CJOjA7NWRqhkrb5SuLtRAzBgCdYW+syIWrgUsGLb5OIJeKBEoCbUfY08Gw==}
    engines: {node: '>=20.19'}

  '@sanity/types@5.19.0':
    resolution: {integrity: sha512-rWjwhxlEIE1uZjqkuMJxe2SC2uA6SjIv3u8vVIwpeE+3LXznQf0lXjGelu+U2ndFR/mDCufscTACprK2y3k/Gg==}
    peerDependencies:
      '@types/react': ^19.2

  '@sanity/uuid@3.0.2':
    resolution: {integrity: sha512-vzdhqOrX7JGbMyK40KuIwwyXHm7GMLOGuYgn3xlC09e4ZVNofUO5mgezQqnRv0JAMthIRhofqs9f6ufUjMKOvw==}

  '@types/event-source-polyfill@1.0.5':
    resolution: {integrity: sha512-iaiDuDI2aIFft7XkcwMzDWLqo7LVDixd2sR6B4wxJut9xcp/Ev9bO4EFg4rm6S9QxATLBj5OPxdeocgmhjwKaw==}

  '@types/eventsource@1.1.15':
    resolution: {integrity: sha512-XQmGcbnxUNa06HR3VBVkc9+A2Vpi9ZyLJcdS5dwaQQ/4ZMWFO+5c90FnMUpbtMZwB/FChoYHwuVg8TvkECacTA==}

  '@types/follow-redirects@1.14.4':
    resolution: {integrity: sha512-GWXfsD0Jc1RWiFmMuMFCpXMzi9L7oPDVwxUnZdg89kDNnqsRfUKXEtUYtA98A6lig1WXH/CYY/fvPW9HuN5fTA==}

  '@types/lodash-es@4.17.12':
    resolution: {integrity: sha512-0NgftHUcV4v34VhXm8QBSftKVXtbkBG3ViCjs6+eJ5a6y6Mi/jiFGPc1sC7QK+9BFhWrURE3EOggmWaSxL9OzQ==}

  '@types/lodash@4.17.24':
    resolution: {integrity: sha512-gIW7lQLZbue7lRSWEFql49QJJWThrTFFeIMJdp3eH4tKoxm1OvEPg02rm4wCCSHS0cL3/Fizimb35b7k8atwsQ==}

  '@types/node@25.5.2':
    resolution: {integrity: sha512-tO4ZIRKNC+MDWV4qKVZe3Ql/woTnmHDr5JD8UI5hn2pwBrHEwOEMZK7WlNb5RKB6EoJ02gwmQS9OrjuFnZYdpg==}

  '@types/react-dom@19.2.3':
    resolution: {integrity: sha512-jp2L/eY6fn+KgVVQAOqYItbF0VY/YApe5Mz2F0aykSO8gx31bYCZyvSeYxCHKvzHG5eZjc+zyaS5BrBWya2+kQ==}
    peerDependencies:
      '@types/react': ^19.2.0

  '@types/react@19.2.14':
    resolution: {integrity: sha512-ilcTH/UniCkMdtexkoCN0bI7pMcJDvmQFPvuPvmEaYA/NSfFTAgdUSLAoVjaRJm7+6PvcM+q1zYOwS4wTYMF9w==}

  '@types/uuid@8.3.4':
    resolution: {integrity: sha512-c/I8ZRb51j+pYGAu5CrFMRxqZ2ke4y2grEBO5AUjgSkSk+qT2Ea+OdWElz/OiMf5MNpn2b17kuVBwZLQJXzihw==}

  csstype@3.2.3:
    resolution: {integrity: sha512-z1HGKcYy2xA8AGQfwrn0PAy+PB7X/GSj3UVJW9qKyn43xWa+gl5nXmU4qqLMRzWVLFC8KusUX8T/0kCiOYpAIQ==}

  debug@4.4.3:
    resolution: {integrity: sha512-RGwwWnwQvkVfavKVt22FGLw+xYSdzARwm0ru6DhTVA3umU5hZc28V3kO4stgYryrTlLpuvgI9GiijltAjNbcqA==}
    engines: {node: '>=6.0'}
    peerDependencies:
      supports-color: '*'
    peerDependenciesMeta:
      supports-color:
        optional: true

  decompress-response@7.0.0:
    resolution: {integrity: sha512-6IvPrADQyyPGLpMnUh6kfKiqy7SrbXbjoUuZ90WMBJKErzv2pCiwlGEXjRX9/54OnTq+XFVnkOnOMzclLI5aEA==}
    engines: {node: '>=10'}

  event-source-polyfill@1.0.31:
    resolution: {integrity: sha512-4IJSItgS/41IxN5UVAVuAyczwZF7ZIEsM1XAoUzIHA6A+xzusEZUutdXz2Nr+MQPLxfTiCvqE79/C8HT8fKFvA==}

  eventsource@2.0.2:
    resolution: {integrity: sha512-IzUmBGPR3+oUG9dUeXynyNmf91/3zUSJg1lCktzKw47OXuhco54U3r9B7O4XX+Rb1Itm9OZ2b0RkTs10bICOxA==}
    engines: {node: '>=12.0.0'}

  follow-redirects@1.15.11:
    resolution: {integrity: sha512-deG2P0JfjrTxl50XGCDyfI97ZGVCxIpfKYmfyrQ54n5FO/0gfIES8C/Psl6kWVDolizcaaxZJnTS0QSMxvnsBQ==}
    engines: {node: '>=4.0'}
    peerDependencies:
      debug: '*'
    peerDependenciesMeta:
      debug:
        optional: true

  get-it@8.7.0:
    resolution: {integrity: sha512-uong/+jOz0GiuIWIUJXp2tnQKgQKukC99LEqOxLckPUoHYoerQbV6vC0Tu+/pSgk0tgHh1xX2aJtCk4y35LLLg==}
    engines: {node: '>=14.0.0'}

  groq-js@1.29.0:
    resolution: {integrity: sha512-LP/O1GwdCpKk4X/+GtUNafOLvPMf8oU+kLbe6QdqUQQl/lOOirHcpS/Br6HRrb0VeVl9QKJzmS/dK7lHO1LYsg==}
    engines: {node: '>= 14'}

  groq@3.88.1-typegen-experimental.0:
    resolution: {integrity: sha512-6TZD6H1y3P7zk0BQharjFa7BOivV9nFL6KKVZbRZRH0yOSSyu2xHglTO48b1/2mCEdYoBQpvE7rjCDUf6XmQYQ==}
    engines: {node: '>=18'}

  hotscript@1.0.13:
    resolution: {integrity: sha512-C++tTF1GqkGYecL+2S1wJTfoH6APGAsbb7PAWQ3iVIwgG/EFseAfEVOKFgAFq4yK3+6j1EjUD4UQ9dRJHX/sSQ==}

  inherits@2.0.4:
    resolution: {integrity: sha512-k/vGaX4/Yla3WzyMCvTQOXYeIHvqOKtnqBduzTHpzpQZzAskKMhZ2K+EnBiSM9zGSoIFeMpXKxa4dYeZIQqewQ==}

  is-retry-allowed@2.2.0:
    resolution: {integrity: sha512-XVm7LOeLpTW4jV19QSH38vkswxoLud8sQ57YwJVTPWdiaI9I8keEhGFpBlslyVsgdQy4Opg8QOLb8YRgsyZiQg==}
    engines: {node: '>=10'}

  lodash-es@4.18.1:
    resolution: {integrity: sha512-J8xewKD/Gk22OZbhpOVSwcs60zhd95ESDwezOFuA3/099925PdHJ7OFHNTGtajL3AlZkykD32HykiMo+BIBI8A==}

  lodash@4.18.1:
    resolution: {integrity: sha512-dMInicTPVE8d1e5otfwmmjlxkZoUpiVLwyeTdUsi/Caj/gfzzblBcCE5sRHV/AsjuCmxWrte2TNGSYuCeCq+0Q==}

  mendoza@3.0.8:
    resolution: {integrity: sha512-iwxgEpSOx9BDLJMD0JAzNicqo9xdrvzt6w/aVwBKMndlA6z/DH41+o60H2uHB0vCR1Xr37UOgu9xFWJHvYsuKw==}
    engines: {node: '>=14.18'}

  mimic-response@3.1.0:
    resolution: {integrity: sha512-z0yWI+4FDrrweS8Zmt4Ej5HdJmky15+L2e6Wgn3+iK5fWzb6T3fhNFq2+MeTRb064c6Wr4N/wv0DzQTjNzHNGQ==}
    engines: {node: '>=10'}

  ms@2.1.3:
    resolution: {integrity: sha512-6FlzubTLZG3J2a/NVCAleEhjzq5oxgHyaCU9yYXvcLsvoVaHJq/s5xXI6/XXP6tz7R9xAOtHnSO/tXtF3WRTlA==}

  nanoid@3.3.11:
    resolution: {integrity: sha512-N8SpfPUnUp1bK+PMYW8qSWdl9U+wwNWI4QKxOYDy9JAro3WMX7p2OeVRF9v+347pnakNevPmiHhNmZ2HbFA76w==}
    engines: {node: ^10 || ^12 || ^13.7 || ^14 || >=15.0.1}
    hasBin: true

  nanoid@5.1.7:
    resolution: {integrity: sha512-ua3NDgISf6jdwezAheMOk4mbE1LXjm1DfMUDMuJf4AqxLFK3ccGpgWizwa5YV7Yz9EpXwEaWoRXSb/BnV0t5dQ==}
    engines: {node: ^18 || >=20}
    hasBin: true

  react-compiler-runtime@19.1.0-rc.2:
    resolution: {integrity: sha512-852AwyIsbWJ5o1LkQVAZsVK3iLjMxOfKZuxqeGd/RfD+j1GqHb6j3DSHLtpu4HhFbQHsP2DzxjJyKR6luv4D8w==}
    peerDependencies:
      react: ^17.0.0 || ^18.0.0 || ^19.0.0 || ^0.0.0-experimental

  react-dom@19.2.4:
    resolution: {integrity: sha512-AXJdLo8kgMbimY95O2aKQqsz2iWi9jMgKJhRBAxECE4IFxfcazB2LmzloIoibJI3C12IlY20+KFaLv+71bUJeQ==}
    peerDependencies:
      react: ^19.2.4

  react-error-boundary@5.0.0:
    resolution: {integrity: sha512-tnjAxG+IkpLephNcePNA7v6F/QpWLH8He65+DmedchDwg162JZqx4NmbXj0mlAYVVEd81OW7aFhmbsScYfiAFQ==}
    peerDependencies:
      react: '>=16.13.1'

  react@19.2.4:
    resolution: {integrity: sha512-9nfp2hYpCwOjAN+8TZFGhtWEwgvWHXqESH8qT89AT/lWklpLON22Lc8pEtnpsZz7VmawabSU0gCjnj8aC0euHQ==}
    engines: {node: '>=0.10.0'}

  readable-stream@3.6.2:
    resolution: {integrity: sha512-9u/sniCrY3D5WdsERHzHE4G2YCXqoG5FTHUiCC4SIbr6XcLZBY05ya9EKjYek9O5xOAwjGq+1JdGBAS7Q9ScoA==}
    engines: {node: '>= 6'}

  reselect@5.1.1:
    resolution: {integrity: sha512-K/BG6eIky/SBpzfHZv/dd+9JBFiS4SWV7FIujVyJRux6e45+73RaUHXLmIR1f7WOMaQ0U1km6qwklRQxpJJY0w==}

  rxjs@7.8.2:
    resolution: {integrity: sha512-dhKf903U/PQZY6boNNtAGdWbG85WAbjT/1xYoZIC7FAY0yWapOBQVsVrDl58W86//e1VpMNBtRV4MaXfdMySFA==}

  safe-buffer@5.2.1:
    resolution: {integrity: sha512-rp3So07KcdmmKbGvgaNxQSJr7bGVSVk5S9Eq1F+ppbRo70+YeaDxkw5Dd8NPN+GD6bjnYm2VuPuCXmpuYvmCXQ==}

  scheduler@0.27.0:
    resolution: {integrity: sha512-eNv+WrVbKu1f3vbYJT/xtiF5syA5HPIMtf9IgY/nKg0sWqzAUEvqY/xm7OcZc/qafLx/iO9FgOmeSAp4v5ti/Q==}

  string_decoder@1.3.0:
    resolution: {integrity: sha512-hkRX8U1WjJFd8LsDJ2yQ/wWWxaopEsABU1XfkM8A+j0+85JAGppt16cr1Whg6KIbb4okU6Mql6BOj+uup/wKeA==}

  through2@4.0.2:
    resolution: {integrity: sha512-iOqSav00cVxEEICeD7TjLB1sueEL+81Wpzp2bY17uZjZN0pWZPuo4suZ/61VujxmqSGFfgOcNuTZ85QJwNZQpw==}

  ts-brand@0.2.0:
    resolution: {integrity: sha512-H5uo7OqMvd91D2EefFmltBP9oeNInNzWLAZUSt6coGDn8b814Eis6SnEtzyXORr9ccEb38PfzyiRVDacdkycSQ==}

  tslib@2.8.1:
    resolution: {integrity: sha512-oJFu94HQb+KVduSUQL7wnpmqnfmLsOA/nAh6b6EH0wCEoK0/mPeXU6c3wKDV83MkOuHPRHtSXKKU99IBazS/2w==}

  tunnel-agent@0.6.0:
    resolution: {integrity: sha512-McnNiV1l8RYeY8tBgEpuodCC1mLUdbSN+CYBL7kJsJNInOP8UjDDEwdk6Mw60vdLLrr5NHKZhMAOSrR2NZuQ+w==}

  typescript@6.0.2:
    resolution: {integrity: sha512-bGdAIrZ0wiGDo5l8c++HWtbaNCWTS4UTv7RaTH/ThVIgjkveJt83m74bBHMJkuCbslY8ixgLBVZJIOiQlQTjfQ==}
    engines: {node: '>=14.17'}
    hasBin: true

  undici-types@7.18.2:
    resolution: {integrity: sha512-AsuCzffGHJybSaRrmr5eHr81mwJU3kjw6M+uprWvCXiNeN9SOGwQ3Jn8jb8m3Z6izVgknn1R0FTCEAP2QrLY/w==}

  util-deprecate@1.0.2:
    resolution: {integrity: sha512-EPD5q1uXyFxJpCrLnCc1nHnq3gOa6DZBocAIiI2TaSCA7VCJ1UJDMagCzIkXNsUYfD1daK//LTEQ8xiIbrHtcw==}

  uuid@11.1.0:
    resolution: {integrity: sha512-0/A9rDy9P7cJ+8w1c9WD9V//9Wj15Ce2MPz8Ri6032usz+NfePxx5AcN3bN+r6ZL6jEo066/yNYB3tn4pQEx+A==}
    hasBin: true

  uuid@13.0.0:
    resolution: {integrity: sha512-XQegIaBTVUjSHliKqcnFqYypAd4S+WCYt5NIeRs6w/UAry7z8Y9j5ZwRRL4kzq9U3sD6v+85er9FvkEaBpji2w==}
    hasBin: true

  uuid@8.3.2:
    resolution: {integrity: sha512-+NYs2QeMWy+GWFOEm9xnn6HCDp0l7QBD7ml8zLUmJ+93Q5NF0NocErnwkTkXVFNiX3/fpC6afS8Dhb/gz7R7eg==}
    hasBin: true

  xstate@5.30.0:
    resolution: {integrity: sha512-mIzIuMjtYVkqXq9dUzYQoag7b/dF1CBS/yhliuPLfR0FwKPC18HiUivb/crcqY2gknhR8gJEhnppLg6ubQ0gGw==}

  zustand@5.0.12:
    resolution: {integrity: sha512-i77ae3aZq4dhMlRhJVCYgMLKuSiZAaUPAct2AksxQ+gOtimhGMdXljRT21P5BNpeT4kXlLIckvkPM029OljD7g==}
    engines: {node: '>=12.20.0'}
    peerDependencies:
      '@types/react': '>=18.0.0'
      immer: '>=9.0.6'
      react: '>=18.0.0'
      use-sync-external-store: '>=1.2.0'
    peerDependenciesMeta:
      '@types/react':
        optional: true
      immer:
        optional: true
      react:
        optional: true
      use-sync-external-store:
        optional: true

snapshots:

  '@babel/runtime@7.29.2': {}

  '@sanity-labs/sdk-addon-dataset-runtime@1.0.0(react-dom@19.2.4(react@19.2.4))(react@19.2.4)':
    dependencies:
      react: 19.2.4
      react-dom: 19.2.4(react@19.2.4)

  '@sanity/bifur-client@0.4.1':
    dependencies:
      nanoid: 3.3.11
      rxjs: 7.8.2

  '@sanity/client@7.20.0':
    dependencies:
      '@sanity/eventsource': 5.0.2
      get-it: 8.7.0
      nanoid: 3.3.11
      rxjs: 7.8.2
    transitivePeerDependencies:
      - debug

  '@sanity/comlink@3.1.1':
    dependencies:
      rxjs: 7.8.2
      uuid: 11.1.0
      xstate: 5.30.0

  '@sanity/comlink@4.0.1':
    dependencies:
      rxjs: 7.8.2
      uuid: 13.0.0
      xstate: 5.30.0

  '@sanity/diff-match-patch@3.2.0': {}

  '@sanity/diff-patch@6.0.0':
    dependencies:
      '@sanity/diff-match-patch': 3.2.0

  '@sanity/eventsource@5.0.2':
    dependencies:
      '@types/event-source-polyfill': 1.0.5
      '@types/eventsource': 1.1.15
      event-source-polyfill: 1.0.31
      eventsource: 2.0.2

  '@sanity/id-utils@1.0.0':
    dependencies:
      '@sanity/uuid': 3.0.2
      lodash: 4.18.1
      ts-brand: 0.2.0

  '@sanity/json-match@1.0.5': {}

  '@sanity/media-library-types@1.2.0': {}

  '@sanity/message-protocol@0.18.2':
    dependencies:
      '@sanity/comlink': 4.0.1

  '@sanity/mutate@0.12.6':
    dependencies:
      '@sanity/client': 7.20.0
      '@sanity/diff-match-patch': 3.2.0
      '@sanity/uuid': 3.0.2
      hotscript: 1.0.13
      lodash: 4.18.1
      mendoza: 3.0.8
      nanoid: 5.1.7
      rxjs: 7.8.2
    transitivePeerDependencies:
      - debug

  '@sanity/sdk-react@2.8.0(@types/react@19.2.14)(react-dom@19.2.4(react@19.2.4))(react@19.2.4)':
    dependencies:
      '@sanity/client': 7.20.0
      '@sanity/message-protocol': 0.18.2
      '@sanity/sdk': 2.8.0(@types/react@19.2.14)(react@19.2.4)
      '@sanity/types': 5.19.0(@types/react@19.2.14)
      '@types/lodash-es': 4.17.12
      groq: 3.88.1-typegen-experimental.0
      lodash-es: 4.18.1
      react: 19.2.4
      react-compiler-runtime: 19.1.0-rc.2(react@19.2.4)
      react-dom: 19.2.4(react@19.2.4)
      react-error-boundary: 5.0.0(react@19.2.4)
      rxjs: 7.8.2
    transitivePeerDependencies:
      - '@types/react'
      - debug
      - immer
      - supports-color
      - use-sync-external-store

  '@sanity/sdk@2.8.0(@types/react@19.2.14)(react@19.2.4)':
    dependencies:
      '@sanity/bifur-client': 0.4.1
      '@sanity/client': 7.20.0
      '@sanity/comlink': 3.1.1
      '@sanity/diff-match-patch': 3.2.0
      '@sanity/diff-patch': 6.0.0
      '@sanity/id-utils': 1.0.0
      '@sanity/json-match': 1.0.5
      '@sanity/message-protocol': 0.18.2
      '@sanity/mutate': 0.12.6
      '@sanity/types': 5.19.0(@types/react@19.2.14)
      groq: 3.88.1-typegen-experimental.0
      groq-js: 1.29.0
      lodash-es: 4.18.1
      reselect: 5.1.1
      rxjs: 7.8.2
      zustand: 5.0.12(@types/react@19.2.14)(react@19.2.4)
    transitivePeerDependencies:
      - '@types/react'
      - debug
      - immer
      - react
      - supports-color
      - use-sync-external-store

  '@sanity/types@5.19.0(@types/react@19.2.14)':
    dependencies:
      '@sanity/client': 7.20.0
      '@sanity/media-library-types': 1.2.0
      '@types/react': 19.2.14
    transitivePeerDependencies:
      - debug

  '@sanity/uuid@3.0.2':
    dependencies:
      '@types/uuid': 8.3.4
      uuid: 8.3.2

  '@types/event-source-polyfill@1.0.5': {}

  '@types/eventsource@1.1.15': {}

  '@types/follow-redirects@1.14.4':
    dependencies:
      '@types/node': 25.5.2

  '@types/lodash-es@4.17.12':
    dependencies:
      '@types/lodash': 4.17.24

  '@types/lodash@4.17.24': {}

  '@types/node@25.5.2':
    dependencies:
      undici-types: 7.18.2

  '@types/react-dom@19.2.3(@types/react@19.2.14)':
    dependencies:
      '@types/react': 19.2.14

  '@types/react@19.2.14':
    dependencies:
      csstype: 3.2.3

  '@types/uuid@8.3.4': {}

  csstype@3.2.3: {}

  debug@4.4.3:
    dependencies:
      ms: 2.1.3

  decompress-response@7.0.0:
    dependencies:
      mimic-response: 3.1.0

  event-source-polyfill@1.0.31: {}

  eventsource@2.0.2: {}

  follow-redirects@1.15.11: {}

  get-it@8.7.0:
    dependencies:
      '@types/follow-redirects': 1.14.4
      decompress-response: 7.0.0
      follow-redirects: 1.15.11
      is-retry-allowed: 2.2.0
      through2: 4.0.2
      tunnel-agent: 0.6.0
    transitivePeerDependencies:
      - debug

  groq-js@1.29.0:
    dependencies:
      debug: 4.4.3
    transitivePeerDependencies:
      - supports-color

  groq@3.88.1-typegen-experimental.0: {}

  hotscript@1.0.13: {}

  inherits@2.0.4: {}

  is-retry-allowed@2.2.0: {}

  lodash-es@4.18.1: {}

  lodash@4.18.1: {}

  mendoza@3.0.8: {}

  mimic-response@3.1.0: {}

  ms@2.1.3: {}

  nanoid@3.3.11: {}

  nanoid@5.1.7: {}

  react-compiler-runtime@19.1.0-rc.2(react@19.2.4):
    dependencies:
      react: 19.2.4

  react-dom@19.2.4(react@19.2.4):
    dependencies:
      react: 19.2.4
      scheduler: 0.27.0

  react-error-boundary@5.0.0(react@19.2.4):
    dependencies:
      '@babel/runtime': 7.29.2
      react: 19.2.4

  react@19.2.4: {}

  readable-stream@3.6.2:
    dependencies:
      inherits: 2.0.4
      string_decoder: 1.3.0
      util-deprecate: 1.0.2

  reselect@5.1.1: {}

  rxjs@7.8.2:
    dependencies:
      tslib: 2.8.1

  safe-buffer@5.2.1: {}

  scheduler@0.27.0: {}

  string_decoder@1.3.0:
    dependencies:
      safe-buffer: 5.2.1

  through2@4.0.2:
    dependencies:
      readable-stream: 3.6.2

  ts-brand@0.2.0: {}

  tslib@2.8.1: {}

  tunnel-agent@0.6.0:
    dependencies:
      safe-buffer: 5.2.1

  typescript@6.0.2: {}

  undici-types@7.18.2: {}

  util-deprecate@1.0.2: {}

  uuid@11.1.0: {}

  uuid@13.0.0: {}

  uuid@8.3.2: {}

  xstate@5.30.0: {}

  zustand@5.0.12(@types/react@19.2.14)(react@19.2.4):
    optionalDependencies:
      '@types/react': 19.2.14
      react: 19.2.4
